
Microsoft Visual Studio Solution File, Format Version 12.00
# Visual Studio Version 17
VisualStudioVersion = 17.12.35521.163 d17.12
MinimumVisualStudioVersion = 10.0.40219.1
Project("{FAE04EC0-301F-11D3-BF4B-00C04F79EFBC}") = "SOA-API", "SOA-API\SOA-API.csproj", "{C81D377C-3570-44FF-A819-486632DD7F02}"
EndProject
Global
	GlobalSection(SolutionConfigurationPlatforms) = preSolution
		Debug|Any CPU = Debug|Any CPU
		Release|Any CPU = Release|Any CPU
	EndGlobalSection
	GlobalSection(ProjectConfigurationPlatforms) = postSolution
		{C81D377C-3570-44FF-A819-486632DD7F02}.Debug|Any CPU.ActiveCfg = Debug|Any CPU
		{C81D377C-3570-44FF-A819-486632DD7F02}.Debug|Any CPU.Build.0 = Debug|Any CPU
		{C81D377C-3570-44FF-A819-486632DD7F02}.Release|Any CPU.ActiveCfg = Release|Any CPU
		{C81D377C-3570-44FF-A819-486632DD7F02}.Release|Any CPU.Build.0 = Release|Any CPU
	EndGlobalSection
	GlobalSection(SolutionProperties) = preSolution
		HideSolutionNode = FALSE
	EndGlobalSection
EndGlobal
